
Microsoft Visual Studio Solution File, Format Version 12.00
# Visual Studio Version 16
VisualStudioVersion = 16.0.31005.135
MinimumVisualStudioVersion = 10.0.40219.1
Project("{FAE04EC0-301F-11D3-BF4B-00C04F79EFBC}") = "ConstrutoraViverSA", "ConstrutoraViverSA.csproj", "{56B28172-EE3F-4EFA-9E46-99DFAC591C64}"
EndProject
Global
	GlobalSection(SolutionConfigurationPlatforms) = preSolution
		Debug|Any CPU = Debug|Any CPU
		Release|Any CPU = Release|Any CPU
	EndGlobalSection
	GlobalSection(ProjectConfigurationPlatforms) = postSolution
		{56B28172-EE3F-4EFA-9E46-99DFAC591C64}.Debug|Any CPU.ActiveCfg = Debug|Any CPU
		{56B28172-EE3F-4EFA-9E46-99DFAC591C64}.Debug|Any CPU.Build.0 = Debug|Any CPU
		{56B28172-EE3F-4EFA-9E46-99DFAC591C64}.Release|Any CPU.ActiveCfg = Release|Any CPU
		{56B28172-EE3F-4EFA-9E46-99DFAC591C64}.Release|Any CPU.Build.0 = Release|Any CPU
	EndGlobalSection
	GlobalSection(SolutionProperties) = preSolution
		HideSolutionNode = FALSE
	EndGlobalSection
	GlobalSection(ExtensibilityGlobals) = postSolution
		SolutionGuid = {55A0DF8E-F593-465B-928F-54056D395BC2}
	EndGlobalSection
EndGlobal
